
Microsoft Visual Studio Solution File, Format Version 10.00
# Visual Studio 2008
Project("{FAE04EC0-301F-11D3-BF4B-00C04F79EFBC}") = "HighslideImage", "HighslideImage.csproj", "{D7A07131-323C-4E88-9F86-6854AF438018}"
EndProject
Project("{E24C65DC-7377-472B-9ABA-BC803B73C61A}") = "Highslide.Web", "..\Highslide.Web\", "{25DB8AC4-FC39-4878-BEB4-DBE34E4DE531}"
	ProjectSection(WebsiteProperties) = preProject
		TargetFramework = "2.0"
		ProjectReferences = "{D7A07131-323C-4E88-9F86-6854AF438018}|HighslideImage.dll;"
		Debug.AspNetCompiler.VirtualPath = "/Highslide.Web"
		Debug.AspNetCompiler.PhysicalPath = "..\Highslide.Web\"
		Debug.AspNetCompiler.TargetPath = "PrecompiledWeb\Highslide.Web\"
		Debug.AspNetCompiler.Updateable = "true"
		Debug.AspNetCompiler.ForceOverwrite = "true"
		Debug.AspNetCompiler.FixedNames = "false"
		Debug.AspNetCompiler.Debug = "True"
		Release.AspNetCompiler.VirtualPath = "/Highslide.Web"
		Release.AspNetCompiler.PhysicalPath = "..\Highslide.Web\"
		Release.AspNetCompiler.TargetPath = "PrecompiledWeb\Highslide.Web\"
		Release.AspNetCompiler.Updateable = "true"
		Release.AspNetCompiler.ForceOverwrite = "true"
		Release.AspNetCompiler.FixedNames = "false"
		Release.AspNetCompiler.Debug = "False"
		VWDPort = "8254"
	EndProjectSection
EndProject
Global
	GlobalSection(SolutionConfigurationPlatforms) = preSolution
		Debug|.NET = Debug|.NET
		Debug|Any CPU = Debug|Any CPU
		Debug|Mixed Platforms = Debug|Mixed Platforms
		Release|.NET = Release|.NET
		Release|Any CPU = Release|Any CPU
		Release|Mixed Platforms = Release|Mixed Platforms
	EndGlobalSection
	GlobalSection(ProjectConfigurationPlatforms) = postSolution
		{D7A07131-323C-4E88-9F86-6854AF438018}.Debug|.NET.ActiveCfg = Debug|Any CPU
		{D7A07131-323C-4E88-9F86-6854AF438018}.Debug|Any CPU.ActiveCfg = Debug|Any CPU
		{D7A07131-323C-4E88-9F86-6854AF438018}.Debug|Any CPU.Build.0 = Debug|Any CPU
		{D7A07131-323C-4E88-9F86-6854AF438018}.Debug|Mixed Platforms.ActiveCfg = Debug|Any CPU
		{D7A07131-323C-4E88-9F86-6854AF438018}.Debug|Mixed Platforms.Build.0 = Debug|Any CPU
		{D7A07131-323C-4E88-9F86-6854AF438018}.Release|.NET.ActiveCfg = Release|Any CPU
		{D7A07131-323C-4E88-9F86-6854AF438018}.Release|Any CPU.ActiveCfg = Release|Any CPU
		{D7A07131-323C-4E88-9F86-6854AF438018}.Release|Any CPU.Build.0 = Release|Any CPU
		{D7A07131-323C-4E88-9F86-6854AF438018}.Release|Mixed Platforms.ActiveCfg = Release|Any CPU
		{D7A07131-323C-4E88-9F86-6854AF438018}.Release|Mixed Platforms.Build.0 = Release|Any CPU
		{25DB8AC4-FC39-4878-BEB4-DBE34E4DE531}.Debug|.NET.ActiveCfg = Debug|Any CPU
		{25DB8AC4-FC39-4878-BEB4-DBE34E4DE531}.Debug|Any CPU.ActiveCfg = Debug|Any CPU
		{25DB8AC4-FC39-4878-BEB4-DBE34E4DE531}.Debug|Any CPU.Build.0 = Debug|Any CPU
		{25DB8AC4-FC39-4878-BEB4-DBE34E4DE531}.Debug|Mixed Platforms.ActiveCfg = Debug|Any CPU
		{25DB8AC4-FC39-4878-BEB4-DBE34E4DE531}.Debug|Mixed Platforms.Build.0 = Debug|Any CPU
		{25DB8AC4-FC39-4878-BEB4-DBE34E4DE531}.Release|.NET.ActiveCfg = Debug|Any CPU
		{25DB8AC4-FC39-4878-BEB4-DBE34E4DE531}.Release|Any CPU.ActiveCfg = Debug|Any CPU
		{25DB8AC4-FC39-4878-BEB4-DBE34E4DE531}.Release|Any CPU.Build.0 = Debug|Any CPU
		{25DB8AC4-FC39-4878-BEB4-DBE34E4DE531}.Release|Mixed Platforms.ActiveCfg = Debug|Any CPU
		{25DB8AC4-FC39-4878-BEB4-DBE34E4DE531}.Release|Mixed Platforms.Build.0 = Debug|Any CPU
	EndGlobalSection
	GlobalSection(SolutionProperties) = preSolution
		HideSolutionNode = FALSE
	EndGlobalSection
EndGlobal
